
Microsoft Visual Studio Solution File, Format Version 12.00
# Visual Studio Version 16
VisualStudioVersion = 16.0.29926.136
MinimumVisualStudioVersion = 10.0.40219.1
Project("{9A19103F-16F7-4668-BE54-9A1E7A4F7556}") = "WeatherWebApi", "WeatherWebApi\WeatherWebApi.csproj", "{9302E4B4-CB92-40E7-9DBB-C032FFFB41F0}"
EndProject
Project("{9A19103F-16F7-4668-BE54-9A1E7A4F7556}") = "WeatherWebApi.Test", "WeatherWebApi.Test\WeatherWebApi.Test.csproj", "{914AC778-4FEF-41AE-890B-36F53004D850}"
EndProject
Global
	GlobalSection(SolutionConfigurationPlatforms) = preSolution
		Debug|Any CPU = Debug|Any CPU
		Release|Any CPU = Release|Any CPU
	EndGlobalSection
	GlobalSection(ProjectConfigurationPlatforms) = postSolution
		{9302E4B4-CB92-40E7-9DBB-C032FFFB41F0}.Debug|Any CPU.ActiveCfg = Debug|Any CPU
		{9302E4B4-CB92-40E7-9DBB-C032FFFB41F0}.Debug|Any CPU.Build.0 = Debug|Any CPU
		{9302E4B4-CB92-40E7-9DBB-C032FFFB41F0}.Release|Any CPU.ActiveCfg = Release|Any CPU
		{9302E4B4-CB92-40E7-9DBB-C032FFFB41F0}.Release|Any CPU.Build.0 = Release|Any CPU
		{914AC778-4FEF-41AE-890B-36F53004D850}.Debug|Any CPU.ActiveCfg = Debug|Any CPU
		{914AC778-4FEF-41AE-890B-36F53004D850}.Debug|Any CPU.Build.0 = Debug|Any CPU
		{914AC778-4FEF-41AE-890B-36F53004D850}.Release|Any CPU.ActiveCfg = Release|Any CPU
		{914AC778-4FEF-41AE-890B-36F53004D850}.Release|Any CPU.Build.0 = Release|Any CPU
	EndGlobalSection
	GlobalSection(SolutionProperties) = preSolution
		HideSolutionNode = FALSE
	EndGlobalSection
	GlobalSection(ExtensibilityGlobals) = postSolution
		SolutionGuid = {2D0F7F6D-9A21-467C-9363-B201AAB28678}
	EndGlobalSection
EndGlobal
